
Microsoft Visual Studio Solution File, Format Version 12.00
# Visual Studio Version 17
VisualStudioVersion = 17.9.34701.34
MinimumVisualStudioVersion = 10.0.40219.1
Project("{FAE04EC0-301F-11D3-BF4B-00C04F79EFBC}") = "CameraAppStart", "CameraAppStart.csproj", "{DAD6F22C-8FFD-4BCF-AF6F-409C3789A0FF}"
EndProject
Global
	GlobalSection(SolutionConfigurationPlatforms) = preSolution
		Debug|Any CPU = Debug|Any CPU
		Release|Any CPU = Release|Any CPU
	EndGlobalSection
	GlobalSection(ProjectConfigurationPlatforms) = postSolution
		{DAD6F22C-8FFD-4BCF-AF6F-409C3789A0FF}.Debug|Any CPU.ActiveCfg = Debug|Any CPU
		{DAD6F22C-8FFD-4BCF-AF6F-409C3789A0FF}.Debug|Any CPU.Build.0 = Debug|Any CPU
		{DAD6F22C-8FFD-4BCF-AF6F-409C3789A0FF}.Debug|Any CPU.Deploy.0 = Debug|Any CPU
		{DAD6F22C-8FFD-4BCF-AF6F-409C3789A0FF}.Release|Any CPU.ActiveCfg = Release|Any CPU
		{DAD6F22C-8FFD-4BCF-AF6F-409C3789A0FF}.Release|Any CPU.Build.0 = Release|Any CPU
		{DAD6F22C-8FFD-4BCF-AF6F-409C3789A0FF}.Release|Any CPU.Deploy.0 = Release|Any CPU
	EndGlobalSection
	GlobalSection(SolutionProperties) = preSolution
		HideSolutionNode = FALSE
	EndGlobalSection
	GlobalSection(ExtensibilityGlobals) = postSolution
		SolutionGuid = {0B32799A-D64A-4094-8CDC-A3F2FE728D9F}
	EndGlobalSection
EndGlobal
