
Microsoft Visual Studio Solution File, Format Version 12.00
# Visual Studio Version 17
VisualStudioVersion = 17.9.34701.34
MinimumVisualStudioVersion = 10.0.40219.1
Project("{FAE04EC0-301F-11D3-BF4B-00C04F79EFBC}") = "SimpleCameraApp.Android", "SimpleCameraApp.Android\SimpleCameraApp.Android.csproj", "{5013E892-C488-47CD-83D9-0A4C1C268561}"
EndProject
Project("{FAE04EC0-301F-11D3-BF4B-00C04F79EFBC}") = "SimpleCameraApp.iOS", "SimpleCameraApp.iOS\SimpleCameraApp.iOS.csproj", "{B1CB64A5-BBA1-43F8-9617-EA9FA26EB0F2}"
EndProject
Project("{FAE04EC0-301F-11D3-BF4B-00C04F79EFBC}") = "SimpleCameraApp", "SimpleCameraApp\SimpleCameraApp.csproj", "{8CD9A3F6-E557-487F-A560-7BE1CA8C0562}"
EndProject
Global
	GlobalSection(SolutionConfigurationPlatforms) = preSolution
		Debug|Any CPU = Debug|Any CPU
		Debug|iPhone = Debug|iPhone
		Debug|iPhoneSimulator = Debug|iPhoneSimulator
		Release|Any CPU = Release|Any CPU
		Release|iPhone = Release|iPhone
		Release|iPhoneSimulator = Release|iPhoneSimulator
	EndGlobalSection
	GlobalSection(ProjectConfigurationPlatforms) = postSolution
		{5013E892-C488-47CD-83D9-0A4C1C268561}.Debug|Any CPU.ActiveCfg = Debug|Any CPU
		{5013E892-C488-47CD-83D9-0A4C1C268561}.Debug|Any CPU.Build.0 = Debug|Any CPU
		{5013E892-C488-47CD-83D9-0A4C1C268561}.Debug|Any CPU.Deploy.0 = Debug|Any CPU
		{5013E892-C488-47CD-83D9-0A4C1C268561}.Debug|iPhone.ActiveCfg = Debug|Any CPU
		{5013E892-C488-47CD-83D9-0A4C1C268561}.Debug|iPhone.Build.0 = Debug|Any CPU
		{5013E892-C488-47CD-83D9-0A4C1C268561}.Debug|iPhone.Deploy.0 = Debug|Any CPU
		{5013E892-C488-47CD-83D9-0A4C1C268561}.Debug|iPhoneSimulator.ActiveCfg = Debug|Any CPU
		{5013E892-C488-47CD-83D9-0A4C1C268561}.Debug|iPhoneSimulator.Build.0 = Debug|Any CPU
		{5013E892-C488-47CD-83D9-0A4C1C268561}.Debug|iPhoneSimulator.Deploy.0 = Debug|Any CPU
		{5013E892-C488-47CD-83D9-0A4C1C268561}.Release|Any CPU.ActiveCfg = Release|Any CPU
		{5013E892-C488-47CD-83D9-0A4C1C268561}.Release|Any CPU.Build.0 = Release|Any CPU
		{5013E892-C488-47CD-83D9-0A4C1C268561}.Release|Any CPU.Deploy.0 = Release|Any CPU
		{5013E892-C488-47CD-83D9-0A4C1C268561}.Release|iPhone.ActiveCfg = Release|Any CPU
		{5013E892-C488-47CD-83D9-0A4C1C268561}.Release|iPhone.Build.0 = Release|Any CPU
		{5013E892-C488-47CD-83D9-0A4C1C268561}.Release|iPhone.Deploy.0 = Release|Any CPU
		{5013E892-C488-47CD-83D9-0A4C1C268561}.Release|iPhoneSimulator.ActiveCfg = Release|Any CPU
		{5013E892-C488-47CD-83D9-0A4C1C268561}.Release|iPhoneSimulator.Build.0 = Release|Any CPU
		{5013E892-C488-47CD-83D9-0A4C1C268561}.Release|iPhoneSimulator.Deploy.0 = Release|Any CPU
		{B1CB64A5-BBA1-43F8-9617-EA9FA26EB0F2}.Debug|Any CPU.ActiveCfg = Debug|iPhone
		{B1CB64A5-BBA1-43F8-9617-EA9FA26EB0F2}.Debug|Any CPU.Build.0 = Debug|iPhone
		{B1CB64A5-BBA1-43F8-9617-EA9FA26EB0F2}.Debug|Any CPU.Deploy.0 = Debug|iPhone
		{B1CB64A5-BBA1-43F8-9617-EA9FA26EB0F2}.Debug|iPhone.ActiveCfg = Debug|iPhone
		{B1CB64A5-BBA1-43F8-9617-EA9FA26EB0F2}.Debug|iPhone.Build.0 = Debug|iPhone
		{B1CB64A5-BBA1-43F8-9617-EA9FA26EB0F2}.Debug|iPhone.Deploy.0 = Debug|iPhone
		{B1CB64A5-BBA1-43F8-9617-EA9FA26EB0F2}.Debug|iPhoneSimulator.ActiveCfg = Debug|iPhoneSimulator
		{B1CB64A5-BBA1-43F8-9617-EA9FA26EB0F2}.Debug|iPhoneSimulator.Build.0 = Debug|iPhoneSimulator
		{B1CB64A5-BBA1-43F8-9617-EA9FA26EB0F2}.Debug|iPhoneSimulator.Deploy.0 = Debug|iPhoneSimulator
		{B1CB64A5-BBA1-43F8-9617-EA9FA26EB0F2}.Release|Any CPU.ActiveCfg = Release|iPhoneSimulator
		{B1CB64A5-BBA1-43F8-9617-EA9FA26EB0F2}.Release|Any CPU.Build.0 = Release|iPhoneSimulator
		{B1CB64A5-BBA1-43F8-9617-EA9FA26EB0F2}.Release|Any CPU.Deploy.0 = Release|iPhoneSimulator
		{B1CB64A5-BBA1-43F8-9617-EA9FA26EB0F2}.Release|iPhone.ActiveCfg = Release|iPhone
		{B1CB64A5-BBA1-43F8-9617-EA9FA26EB0F2}.Release|iPhone.Build.0 = Release|iPhone
		{B1CB64A5-BBA1-43F8-9617-EA9FA26EB0F2}.Release|iPhone.Deploy.0 = Release|iPhone
		{B1CB64A5-BBA1-43F8-9617-EA9FA26EB0F2}.Release|iPhoneSimulator.ActiveCfg = Release|iPhoneSimulator
		{B1CB64A5-BBA1-43F8-9617-EA9FA26EB0F2}.Release|iPhoneSimulator.Build.0 = Release|iPhoneSimulator
		{B1CB64A5-BBA1-43F8-9617-EA9FA26EB0F2}.Release|iPhoneSimulator.Deploy.0 = Release|iPhoneSimulator
		{8CD9A3F6-E557-487F-A560-7BE1CA8C0562}.Debug|Any CPU.ActiveCfg = Debug|Any CPU
		{8CD9A3F6-E557-487F-A560-7BE1CA8C0562}.Debug|Any CPU.Build.0 = Debug|Any CPU
		{8CD9A3F6-E557-487F-A560-7BE1CA8C0562}.Debug|Any CPU.Deploy.0 = Debug|Any CPU
		{8CD9A3F6-E557-487F-A560-7BE1CA8C0562}.Debug|iPhone.ActiveCfg = Debug|Any CPU
		{8CD9A3F6-E557-487F-A560-7BE1CA8C0562}.Debug|iPhone.Build.0 = Debug|Any CPU
		{8CD9A3F6-E557-487F-A560-7BE1CA8C0562}.Debug|iPhone.Deploy.0 = Debug|Any CPU
		{8CD9A3F6-E557-487F-A560-7BE1CA8C0562}.Debug|iPhoneSimulator.ActiveCfg = Debug|Any CPU
		{8CD9A3F6-E557-487F-A560-7BE1CA8C0562}.Debug|iPhoneSimulator.Build.0 = Debug|Any CPU
		{8CD9A3F6-E557-487F-A560-7BE1CA8C0562}.Debug|iPhoneSimulator.Deploy.0 = Debug|Any CPU
		{8CD9A3F6-E557-487F-A560-7BE1CA8C0562}.Release|Any CPU.ActiveCfg = Release|Any CPU
		{8CD9A3F6-E557-487F-A560-7BE1CA8C0562}.Release|Any CPU.Build.0 = Release|Any CPU
		{8CD9A3F6-E557-487F-A560-7BE1CA8C0562}.Release|Any CPU.Deploy.0 = Release|Any CPU
		{8CD9A3F6-E557-487F-A560-7BE1CA8C0562}.Release|iPhone.ActiveCfg = Release|Any CPU
		{8CD9A3F6-E557-487F-A560-7BE1CA8C0562}.Release|iPhone.Build.0 = Release|Any CPU
		{8CD9A3F6-E557-487F-A560-7BE1CA8C0562}.Release|iPhone.Deploy.0 = Release|Any CPU
		{8CD9A3F6-E557-487F-A560-7BE1CA8C0562}.Release|iPhoneSimulator.ActiveCfg = Release|Any CPU
		{8CD9A3F6-E557-487F-A560-7BE1CA8C0562}.Release|iPhoneSimulator.Build.0 = Release|Any CPU
		{8CD9A3F6-E557-487F-A560-7BE1CA8C0562}.Release|iPhoneSimulator.Deploy.0 = Release|Any CPU
	EndGlobalSection
	GlobalSection(SolutionProperties) = preSolution
		HideSolutionNode = FALSE
	EndGlobalSection
	GlobalSection(ExtensibilityGlobals) = postSolution
		SolutionGuid = {B211F69F-E05E-4BA3-A398-4E3830CECDE6}
	EndGlobalSection
EndGlobal
