
Microsoft Visual Studio Solution File, Format Version 12.00
# Visual Studio Version 17
VisualStudioVersion = 17.9.34701.34
MinimumVisualStudioVersion = 10.0.40219.1
Project("{FAE04EC0-301F-11D3-BF4B-00C04F79EFBC}") = "SimpleCameraAppMaui", "SimpleCameraAppMaui.csproj", "{34C46322-4F50-4220-8B53-1725FC8172B8}"
EndProject
Global
	GlobalSection(SolutionConfigurationPlatforms) = preSolution
		Debug|Any CPU = Debug|Any CPU
		Release|Any CPU = Release|Any CPU
	EndGlobalSection
	GlobalSection(ProjectConfigurationPlatforms) = postSolution
		{34C46322-4F50-4220-8B53-1725FC8172B8}.Debug|Any CPU.ActiveCfg = Debug|Any CPU
		{34C46322-4F50-4220-8B53-1725FC8172B8}.Debug|Any CPU.Build.0 = Debug|Any CPU
		{34C46322-4F50-4220-8B53-1725FC8172B8}.Debug|Any CPU.Deploy.0 = Debug|Any CPU
		{34C46322-4F50-4220-8B53-1725FC8172B8}.Release|Any CPU.ActiveCfg = Release|Any CPU
		{34C46322-4F50-4220-8B53-1725FC8172B8}.Release|Any CPU.Build.0 = Release|Any CPU
		{34C46322-4F50-4220-8B53-1725FC8172B8}.Release|Any CPU.Deploy.0 = Release|Any CPU
	EndGlobalSection
	GlobalSection(SolutionProperties) = preSolution
		HideSolutionNode = FALSE
	EndGlobalSection
	GlobalSection(ExtensibilityGlobals) = postSolution
		SolutionGuid = {2C6146BB-8A92-4DED-B17C-11E7118BB5B5}
	EndGlobalSection
EndGlobal
