
Microsoft Visual Studio Solution File, Format Version 12.00
# Visual Studio Version 17
VisualStudioVersion = 17.9.34701.34
MinimumVisualStudioVersion = 10.0.40219.1
Project("{FAE04EC0-301F-11D3-BF4B-00C04F79EFBC}") = "CameraApp", "CameraApp.csproj", "{B975559E-37CD-4450-BA61-F10819D80FB4}"
EndProject
Global
	GlobalSection(SolutionConfigurationPlatforms) = preSolution
		Debug|Any CPU = Debug|Any CPU
		Release|Any CPU = Release|Any CPU
	EndGlobalSection
	GlobalSection(ProjectConfigurationPlatforms) = postSolution
		{B975559E-37CD-4450-BA61-F10819D80FB4}.Debug|Any CPU.ActiveCfg = Debug|Any CPU
		{B975559E-37CD-4450-BA61-F10819D80FB4}.Debug|Any CPU.Build.0 = Debug|Any CPU
		{B975559E-37CD-4450-BA61-F10819D80FB4}.Debug|Any CPU.Deploy.0 = Debug|Any CPU
		{B975559E-37CD-4450-BA61-F10819D80FB4}.Release|Any CPU.ActiveCfg = Release|Any CPU
		{B975559E-37CD-4450-BA61-F10819D80FB4}.Release|Any CPU.Build.0 = Release|Any CPU
		{B975559E-37CD-4450-BA61-F10819D80FB4}.Release|Any CPU.Deploy.0 = Release|Any CPU
	EndGlobalSection
	GlobalSection(SolutionProperties) = preSolution
		HideSolutionNode = FALSE
	EndGlobalSection
	GlobalSection(ExtensibilityGlobals) = postSolution
		SolutionGuid = {D33512DC-586C-4C20-8FE4-B8E759B524C0}
	EndGlobalSection
EndGlobal
