
Microsoft Visual Studio Solution File, Format Version 12.00
# Visual Studio Version 17
VisualStudioVersion = 17.9.34701.34
MinimumVisualStudioVersion = 10.0.40219.1
Project("{FAE04EC0-301F-11D3-BF4B-00C04F79EFBC}") = "DBFuelExample.Android", "DBFuelExample.Android\DBFuelExample.Android.csproj", "{5D167E2F-25BD-4C93-846B-224567DFD52B}"
EndProject
Project("{FAE04EC0-301F-11D3-BF4B-00C04F79EFBC}") = "DBFuelExample.iOS", "DBFuelExample.iOS\DBFuelExample.iOS.csproj", "{D9866F5A-97E9-44FB-A0A1-05660B3CCD0A}"
EndProject
Project("{FAE04EC0-301F-11D3-BF4B-00C04F79EFBC}") = "DBFuelExample", "DBFuelExample\DBFuelExample.csproj", "{BC29DA48-56DF-43B4-AAAE-FA070ED955D8}"
EndProject
Global
	GlobalSection(SolutionConfigurationPlatforms) = preSolution
		Debug|Any CPU = Debug|Any CPU
		Debug|iPhone = Debug|iPhone
		Debug|iPhoneSimulator = Debug|iPhoneSimulator
		Release|Any CPU = Release|Any CPU
		Release|iPhone = Release|iPhone
		Release|iPhoneSimulator = Release|iPhoneSimulator
	EndGlobalSection
	GlobalSection(ProjectConfigurationPlatforms) = postSolution
		{5D167E2F-25BD-4C93-846B-224567DFD52B}.Debug|Any CPU.ActiveCfg = Debug|Any CPU
		{5D167E2F-25BD-4C93-846B-224567DFD52B}.Debug|Any CPU.Build.0 = Debug|Any CPU
		{5D167E2F-25BD-4C93-846B-224567DFD52B}.Debug|Any CPU.Deploy.0 = Debug|Any CPU
		{5D167E2F-25BD-4C93-846B-224567DFD52B}.Debug|iPhone.ActiveCfg = Debug|Any CPU
		{5D167E2F-25BD-4C93-846B-224567DFD52B}.Debug|iPhone.Build.0 = Debug|Any CPU
		{5D167E2F-25BD-4C93-846B-224567DFD52B}.Debug|iPhone.Deploy.0 = Debug|Any CPU
		{5D167E2F-25BD-4C93-846B-224567DFD52B}.Debug|iPhoneSimulator.ActiveCfg = Debug|Any CPU
		{5D167E2F-25BD-4C93-846B-224567DFD52B}.Debug|iPhoneSimulator.Build.0 = Debug|Any CPU
		{5D167E2F-25BD-4C93-846B-224567DFD52B}.Debug|iPhoneSimulator.Deploy.0 = Debug|Any CPU
		{5D167E2F-25BD-4C93-846B-224567DFD52B}.Release|Any CPU.ActiveCfg = Release|Any CPU
		{5D167E2F-25BD-4C93-846B-224567DFD52B}.Release|Any CPU.Build.0 = Release|Any CPU
		{5D167E2F-25BD-4C93-846B-224567DFD52B}.Release|Any CPU.Deploy.0 = Release|Any CPU
		{5D167E2F-25BD-4C93-846B-224567DFD52B}.Release|iPhone.ActiveCfg = Release|Any CPU
		{5D167E2F-25BD-4C93-846B-224567DFD52B}.Release|iPhone.Build.0 = Release|Any CPU
		{5D167E2F-25BD-4C93-846B-224567DFD52B}.Release|iPhone.Deploy.0 = Release|Any CPU
		{5D167E2F-25BD-4C93-846B-224567DFD52B}.Release|iPhoneSimulator.ActiveCfg = Release|Any CPU
		{5D167E2F-25BD-4C93-846B-224567DFD52B}.Release|iPhoneSimulator.Build.0 = Release|Any CPU
		{5D167E2F-25BD-4C93-846B-224567DFD52B}.Release|iPhoneSimulator.Deploy.0 = Release|Any CPU
		{D9866F5A-97E9-44FB-A0A1-05660B3CCD0A}.Debug|Any CPU.ActiveCfg = Debug|iPhone
		{D9866F5A-97E9-44FB-A0A1-05660B3CCD0A}.Debug|Any CPU.Build.0 = Debug|iPhone
		{D9866F5A-97E9-44FB-A0A1-05660B3CCD0A}.Debug|Any CPU.Deploy.0 = Debug|iPhone
		{D9866F5A-97E9-44FB-A0A1-05660B3CCD0A}.Debug|iPhone.ActiveCfg = Debug|iPhone
		{D9866F5A-97E9-44FB-A0A1-05660B3CCD0A}.Debug|iPhone.Build.0 = Debug|iPhone
		{D9866F5A-97E9-44FB-A0A1-05660B3CCD0A}.Debug|iPhone.Deploy.0 = Debug|iPhone
		{D9866F5A-97E9-44FB-A0A1-05660B3CCD0A}.Debug|iPhoneSimulator.ActiveCfg = Debug|iPhoneSimulator
		{D9866F5A-97E9-44FB-A0A1-05660B3CCD0A}.Debug|iPhoneSimulator.Build.0 = Debug|iPhoneSimulator
		{D9866F5A-97E9-44FB-A0A1-05660B3CCD0A}.Debug|iPhoneSimulator.Deploy.0 = Debug|iPhoneSimulator
		{D9866F5A-97E9-44FB-A0A1-05660B3CCD0A}.Release|Any CPU.ActiveCfg = Release|iPhoneSimulator
		{D9866F5A-97E9-44FB-A0A1-05660B3CCD0A}.Release|Any CPU.Build.0 = Release|iPhoneSimulator
		{D9866F5A-97E9-44FB-A0A1-05660B3CCD0A}.Release|Any CPU.Deploy.0 = Release|iPhoneSimulator
		{D9866F5A-97E9-44FB-A0A1-05660B3CCD0A}.Release|iPhone.ActiveCfg = Release|iPhone
		{D9866F5A-97E9-44FB-A0A1-05660B3CCD0A}.Release|iPhone.Build.0 = Release|iPhone
		{D9866F5A-97E9-44FB-A0A1-05660B3CCD0A}.Release|iPhone.Deploy.0 = Release|iPhone
		{D9866F5A-97E9-44FB-A0A1-05660B3CCD0A}.Release|iPhoneSimulator.ActiveCfg = Release|iPhoneSimulator
		{D9866F5A-97E9-44FB-A0A1-05660B3CCD0A}.Release|iPhoneSimulator.Build.0 = Release|iPhoneSimulator
		{D9866F5A-97E9-44FB-A0A1-05660B3CCD0A}.Release|iPhoneSimulator.Deploy.0 = Release|iPhoneSimulator
		{BC29DA48-56DF-43B4-AAAE-FA070ED955D8}.Debug|Any CPU.ActiveCfg = Debug|Any CPU
		{BC29DA48-56DF-43B4-AAAE-FA070ED955D8}.Debug|Any CPU.Build.0 = Debug|Any CPU
		{BC29DA48-56DF-43B4-AAAE-FA070ED955D8}.Debug|Any CPU.Deploy.0 = Debug|Any CPU
		{BC29DA48-56DF-43B4-AAAE-FA070ED955D8}.Debug|iPhone.ActiveCfg = Debug|Any CPU
		{BC29DA48-56DF-43B4-AAAE-FA070ED955D8}.Debug|iPhone.Build.0 = Debug|Any CPU
		{BC29DA48-56DF-43B4-AAAE-FA070ED955D8}.Debug|iPhone.Deploy.0 = Debug|Any CPU
		{BC29DA48-56DF-43B4-AAAE-FA070ED955D8}.Debug|iPhoneSimulator.ActiveCfg = Debug|Any CPU
		{BC29DA48-56DF-43B4-AAAE-FA070ED955D8}.Debug|iPhoneSimulator.Build.0 = Debug|Any CPU
		{BC29DA48-56DF-43B4-AAAE-FA070ED955D8}.Debug|iPhoneSimulator.Deploy.0 = Debug|Any CPU
		{BC29DA48-56DF-43B4-AAAE-FA070ED955D8}.Release|Any CPU.ActiveCfg = Release|Any CPU
		{BC29DA48-56DF-43B4-AAAE-FA070ED955D8}.Release|Any CPU.Build.0 = Release|Any CPU
		{BC29DA48-56DF-43B4-AAAE-FA070ED955D8}.Release|Any CPU.Deploy.0 = Release|Any CPU
		{BC29DA48-56DF-43B4-AAAE-FA070ED955D8}.Release|iPhone.ActiveCfg = Release|Any CPU
		{BC29DA48-56DF-43B4-AAAE-FA070ED955D8}.Release|iPhone.Build.0 = Release|Any CPU
		{BC29DA48-56DF-43B4-AAAE-FA070ED955D8}.Release|iPhone.Deploy.0 = Release|Any CPU
		{BC29DA48-56DF-43B4-AAAE-FA070ED955D8}.Release|iPhoneSimulator.ActiveCfg = Release|Any CPU
		{BC29DA48-56DF-43B4-AAAE-FA070ED955D8}.Release|iPhoneSimulator.Build.0 = Release|Any CPU
		{BC29DA48-56DF-43B4-AAAE-FA070ED955D8}.Release|iPhoneSimulator.Deploy.0 = Release|Any CPU
	EndGlobalSection
	GlobalSection(SolutionProperties) = preSolution
		HideSolutionNode = FALSE
	EndGlobalSection
	GlobalSection(ExtensibilityGlobals) = postSolution
		SolutionGuid = {0FFCACB5-B501-4EB9-98B8-3EB489714770}
	EndGlobalSection
EndGlobal
